
Microsoft Visual Studio Solution File, Format Version 12.00
# Visual Studio Version 16
VisualStudioVersion = 16.0.29411.108
MinimumVisualStudioVersion = 10.0.40219.1
Project("{9A19103F-16F7-4668-BE54-9A1E7A4F7556}") = "GIBDemo.Core", "GIBDemo.Core\GIBDemo.Core.csproj", "{6931F66E-320A-4857-9A0E-DB6AE84AE96F}"
EndProject
Project("{9A19103F-16F7-4668-BE54-9A1E7A4F7556}") = "GIBDemo.DI", "GIBDemo.DI\GIBDemo.DI.csproj", "{93EC2DEF-A746-4382-9CAE-CFC390F35ED1}"
EndProject
Project("{9A19103F-16F7-4668-BE54-9A1E7A4F7556}") = "GIBDemo.Triggers", "GIBDemo.Triggers\GIBDemo.Triggers.csproj", "{771D73CF-7A91-4DC3-B5AE-557853A3C00D}"
EndProject
Global
	GlobalSection(SolutionConfigurationPlatforms) = preSolution
		Debug|Any CPU = Debug|Any CPU
		Release|Any CPU = Release|Any CPU
	EndGlobalSection
	GlobalSection(ProjectConfigurationPlatforms) = postSolution
		{6931F66E-320A-4857-9A0E-DB6AE84AE96F}.Debug|Any CPU.ActiveCfg = Debug|Any CPU
		{6931F66E-320A-4857-9A0E-DB6AE84AE96F}.Debug|Any CPU.Build.0 = Debug|Any CPU
		{6931F66E-320A-4857-9A0E-DB6AE84AE96F}.Release|Any CPU.ActiveCfg = Release|Any CPU
		{6931F66E-320A-4857-9A0E-DB6AE84AE96F}.Release|Any CPU.Build.0 = Release|Any CPU
		{93EC2DEF-A746-4382-9CAE-CFC390F35ED1}.Debug|Any CPU.ActiveCfg = Debug|Any CPU
		{93EC2DEF-A746-4382-9CAE-CFC390F35ED1}.Debug|Any CPU.Build.0 = Debug|Any CPU
		{93EC2DEF-A746-4382-9CAE-CFC390F35ED1}.Release|Any CPU.ActiveCfg = Release|Any CPU
		{93EC2DEF-A746-4382-9CAE-CFC390F35ED1}.Release|Any CPU.Build.0 = Release|Any CPU
		{771D73CF-7A91-4DC3-B5AE-557853A3C00D}.Debug|Any CPU.ActiveCfg = Debug|Any CPU
		{771D73CF-7A91-4DC3-B5AE-557853A3C00D}.Debug|Any CPU.Build.0 = Debug|Any CPU
		{771D73CF-7A91-4DC3-B5AE-557853A3C00D}.Release|Any CPU.ActiveCfg = Release|Any CPU
		{771D73CF-7A91-4DC3-B5AE-557853A3C00D}.Release|Any CPU.Build.0 = Release|Any CPU
	EndGlobalSection
	GlobalSection(SolutionProperties) = preSolution
		HideSolutionNode = FALSE
	EndGlobalSection
	GlobalSection(ExtensibilityGlobals) = postSolution
		SolutionGuid = {3A467261-D2F6-4287-A7DC-320E707EDFD1}
	EndGlobalSection
EndGlobal
